
Microsoft Visual Studio Solution File, Format Version 12.00
# Visual Studio 2012
Project("{FAE04EC0-301F-11D3-BF4B-00C04F79EFBC}") = "Module_Six", "Module_Six\Module_Six.csproj", "{8B989F4B-CC70-4078-B1D6-7759985CF09A}"
EndProject
Global
	GlobalSection(SolutionConfigurationPlatforms) = preSolution
		Debug|x86 = Debug|x86
		Release|x86 = Release|x86
	EndGlobalSection
	GlobalSection(ProjectConfigurationPlatforms) = postSolution
		{8B989F4B-CC70-4078-B1D6-7759985CF09A}.Debug|x86.ActiveCfg = Debug|x86
		{8B989F4B-CC70-4078-B1D6-7759985CF09A}.Debug|x86.Build.0 = Debug|x86
		{8B989F4B-CC70-4078-B1D6-7759985CF09A}.Release|x86.ActiveCfg = Release|x86
		{8B989F4B-CC70-4078-B1D6-7759985CF09A}.Release|x86.Build.0 = Release|x86
	EndGlobalSection
EndGlobal
